// !$*UTF8*$!
{
	archiveVersion = 1;
	classes = {
	};
	objectVersion = 46;
	objects = {

/* Begin PBXBuildFile section */
		EF0C20371E09E63700E30A8B /* AppDelegate.swift in Sources */ = {isa = PBXBuildFile; fileRef = EF0C20361E09E63700E30A8B /* AppDelegate.swift */; };
		EF0C20391E09E63700E30A8B /* ViewController.swift in Sources */ = {isa = PBXBuildFile; fileRef = EF0C20381E09E63700E30A8B /* ViewController.swift */; };
		EF0C203C1E09E63700E30A8B /* Main.storyboard in Resources */ = {isa = PBXBuildFile; fileRef = EF0C203A1E09E63700E30A8B /* Main.storyboard */; };
		EF0C203E1E09E63700E30A8B /* Assets.xcassets in Resources */ = {isa = PBXBuildFile; fileRef = EF0C203D1E09E63700E30A8B /* Assets.xcassets */; };
		EF0C20411E09E63700E30A8B /* LaunchScreen.storyboard in Resources */ = {isa = PBXBuildFile; fileRef = EF0C203F1E09E63700E30A8B /* LaunchScreen.storyboard */; };
		EF0C204C1E09E63700E30A8B /* Photo_Search_ExampleTests.swift in Sources */ = {isa = PBXBuildFile; fileRef = EF0C204B1E09E63700E30A8B /* Photo_Search_ExampleTests.swift */; };
		EF0C20571E09E63700E30A8B /* Photo_Search_ExampleUITests.swift in Sources */ = {isa = PBXBuildFile; fileRef = EF0C20561E09E63700E30A8B /* Photo_Search_ExampleUITests.swift */; };
		EF0C20721E09E6B300E30A8B /* AFHTTPSessionManager.m in Sources */ = {isa = PBXBuildFile; fileRef = EF0C20661E09E6B300E30A8B /* AFHTTPSessionManager.m */; };
		EF0C20731E09E6B300E30A8B /* AFNetworkReachabilityManager.m in Sources */ = {isa = PBXBuildFile; fileRef = EF0C20691E09E6B300E30A8B /* AFNetworkReachabilityManager.m */; };
		EF0C20741E09E6B300E30A8B /* AFSecurityPolicy.m in Sources */ = {isa = PBXBuildFile; fileRef = EF0C206B1E09E6B300E30A8B /* AFSecurityPolicy.m */; };
		EF0C20751E09E6B300E30A8B /* AFURLRequestSerialization.m in Sources */ = {isa = PBXBuildFile; fileRef = EF0C206D1E09E6B300E30A8B /* AFURLRequestSerialization.m */; };
		EF0C20761E09E6B300E30A8B /* AFURLResponseSerialization.m in Sources */ = {isa = PBXBuildFile; fileRef = EF0C206F1E09E6B300E30A8B /* AFURLResponseSerialization.m */; };
		EF0C20771E09E6B300E30A8B /* AFURLSessionManager.m in Sources */ = {isa = PBXBuildFile; fileRef = EF0C20711E09E6B300E30A8B /* AFURLSessionManager.m */; };
		EF0C207A1E09EFF000E30A8B /* SwiftyJSON.swift in Sources */ = {isa = PBXBuildFile; fileRef = EF0C20791E09EFF000E30A8B /* SwiftyJSON.swift */; };
/* End PBXBuildFile section */

/* Begin PBXContainerItemProxy section */
		EF0C20481E09E63700E30A8B /* PBXContainerItemProxy */ = {
			isa = PBXContainerItemProxy;
			containerPortal = EF0C202B1E09E63700E30A8B /* Project object */;
			proxyType = 1;
			remoteGlobalIDString = EF0C20321E09E63700E30A8B;
			remoteInfo = "Photo Search Example";
		};
		EF0C20531E09E63700E30A8B /* PBXContainerItemProxy */ = {
			isa = PBXContainerItemProxy;
			containerPortal = EF0C202B1E09E63700E30A8B /* Project object */;
			proxyType = 1;
			remoteGlobalIDString = EF0C20321E09E63700E30A8B;
			remoteInfo = "Photo Search Example";
		};
/* End PBXContainerItemProxy section */

/* Begin PBXFileReference section */
		EF0C20331E09E63700E30A8B /* Photo Search Example.app */ = {isa = PBXFileReference; explicitFileType = wrapper.application; includeInIndex = 0; path = "Photo Search Example.app"; sourceTree = BUILT_PRODUCTS_DIR; };
		EF0C20361E09E63700E30A8B /* AppDelegate.swift */ = {isa = PBXFileReference; lastKnownFileType = sourcecode.swift; path = AppDelegate.swift; sourceTree = "<group>"; };
		EF0C20381E09E63700E30A8B /* ViewController.swift */ = {isa = PBXFileReference; lastKnownFileType = sourcecode.swift; path = ViewController.swift; sourceTree = "<group>"; };
		EF0C203B1E09E63700E30A8B /* Base */ = {isa = PBXFileReference; lastKnownFileType = file.storyboard; name = Base; path = Base.lproj/Main.storyboard; sourceTree = "<group>"; };
		EF0C203D1E09E63700E30A8B /* Assets.xcassets */ = {isa = PBXFileReference; lastKnownFileType = folder.assetcatalog; path = Assets.xcassets; sourceTree = "<group>"; };
		EF0C20401E09E63700E30A8B /* Base */ = {isa = PBXFileReference; lastKnownFileType = file.storyboard; name = Base; path = Base.lproj/LaunchScreen.storyboard; sourceTree = "<group>"; };
		EF0C20421E09E63700E30A8B /* Info.plist */ = {isa = PBXFileReference; lastKnownFileType = text.plist.xml; path = Info.plist; sourceTree = "<group>"; };
		EF0C20471E09E63700E30A8B /* Photo Search ExampleTests.xctest */ = {isa = PBXFileReference; explicitFileType = wrapper.cfbundle; includeInIndex = 0; path = "Photo Search ExampleTests.xctest"; sourceTree = BUILT_PRODUCTS_DIR; };
		EF0C204B1E09E63700E30A8B /* Photo_Search_ExampleTests.swift */ = {isa = PBXFileReference; lastKnownFileType = sourcecode.swift; path = Photo_Search_ExampleTests.swift; sourceTree = "<group>"; };
		EF0C204D1E09E63700E30A8B /* Info.plist */ = {isa = PBXFileReference; lastKnownFileType = text.plist.xml; path = Info.plist; sourceTree = "<group>"; };
		EF0C20521E09E63700E30A8B /* Photo Search ExampleUITests.xctest */ = {isa = PBXFileReference; explicitFileType = wrapper.cfbundle; includeInIndex = 0; path = "Photo Search ExampleUITests.xctest"; sourceTree = BUILT_PRODUCTS_DIR; };
		EF0C20561E09E63700E30A8B /* Photo_Search_ExampleUITests.swift */ = {isa = PBXFileReference; lastKnownFileType = sourcecode.swift; path = Photo_Search_ExampleUITests.swift; sourceTree = "<group>"; };
		EF0C20581E09E63700E30A8B /* Info.plist */ = {isa = PBXFileReference; lastKnownFileType = text.plist.xml; path = Info.plist; sourceTree = "<group>"; };
		EF0C20651E09E6B300E30A8B /* AFHTTPSessionManager.h */ = {isa = PBXFileReference; fileEncoding = 4; lastKnownFileType = sourcecode.c.h; path = AFHTTPSessionManager.h; sourceTree = "<group>"; };
		EF0C20661E09E6B300E30A8B /* AFHTTPSessionManager.m */ = {isa = PBXFileReference; fileEncoding = 4; lastKnownFileType = sourcecode.c.objc; path = AFHTTPSessionManager.m; sourceTree = "<group>"; };
		EF0C20671E09E6B300E30A8B /* AFNetworking.h */ = {isa = PBXFileReference; fileEncoding = 4; lastKnownFileType = sourcecode.c.h; path = AFNetworking.h; sourceTree = "<group>"; };
		EF0C20681E09E6B300E30A8B /* AFNetworkReachabilityManager.h */ = {isa = PBXFileReference; fileEncoding = 4; lastKnownFileType = sourcecode.c.h; path = AFNetworkReachabilityManager.h; sourceTree = "<group>"; };
		EF0C20691E09E6B300E30A8B /* AFNetworkReachabilityManager.m */ = {isa = PBXFileReference; fileEncoding = 4; lastKnownFileType = sourcecode.c.objc; path = AFNetworkReachabilityManager.m; sourceTree = "<group>"; };
		EF0C206A1E09E6B300E30A8B /* AFSecurityPolicy.h */ = {isa = PBXFileReference; fileEncoding = 4; lastKnownFileType = sourcecode.c.h; path = AFSecurityPolicy.h; sourceTree = "<group>"; };
		EF0C206B1E09E6B300E30A8B /* AFSecurityPolicy.m */ = {isa = PBXFileReference; fileEncoding = 4; lastKnownFileType = sourcecode.c.objc; path = AFSecurityPolicy.m; sourceTree = "<group>"; };
		EF0C206C1E09E6B300E30A8B /* AFURLRequestSerialization.h */ = {isa = PBXFileReference; fileEncoding = 4; lastKnownFileType = sourcecode.c.h; path = AFURLRequestSerialization.h; sourceTree = "<group>"; };
		EF0C206D1E09E6B300E30A8B /* AFURLRequestSerialization.m */ = {isa = PBXFileReference; fileEncoding = 4; lastKnownFileType = sourcecode.c.objc; path = AFURLRequestSerialization.m; sourceTree = "<group>"; };
		EF0C206E1E09E6B300E30A8B /* AFURLResponseSerialization.h */ = {isa = PBXFileReference; fileEncoding = 4; lastKnownFileType = sourcecode.c.h; path = AFURLResponseSerialization.h; sourceTree = "<group>"; };
		EF0C206F1E09E6B300E30A8B /* AFURLResponseSerialization.m */ = {isa = PBXFileReference; fileEncoding = 4; lastKnownFileType = sourcecode.c.objc; path = AFURLResponseSerialization.m; sourceTree = "<group>"; };
		EF0C20701E09E6B300E30A8B /* AFURLSessionManager.h */ = {isa = PBXFileReference; fileEncoding = 4; lastKnownFileType = sourcecode.c.h; path = AFURLSessionManager.h; sourceTree = "<group>"; };
		EF0C20711E09E6B300E30A8B /* AFURLSessionManager.m */ = {isa = PBXFileReference; fileEncoding = 4; lastKnownFileType = sourcecode.c.objc; path = AFURLSessionManager.m; sourceTree = "<group>"; };
		EF0C20781E09E78000E30A8B /* bridge.h */ = {isa = PBXFileReference; fileEncoding = 4; lastKnownFileType = sourcecode.c.h; path = bridge.h; sourceTree = "<group>"; };
		EF0C20791E09EFF000E30A8B /* SwiftyJSON.swift */ = {isa = PBXFileReference; fileEncoding = 4; lastKnownFileType = sourcecode.swift; name = SwiftyJSON.swift; path = ../AFNetworking/SwiftyJSON.swift; sourceTree = "<group>"; };
/* End PBXFileReference section */

/* Begin PBXFrameworksBuildPhase section */
		EF0C20301E09E63700E30A8B /* Frameworks */ = {
			isa = PBXFrameworksBuildPhase;
			buildActionMask = 2147483647;
			files = (
			);
			runOnlyForDeploymentPostprocessing = 0;
		};
		EF0C20441E09E63700E30A8B /* Frameworks */ = {
			isa = PBXFrameworksBuildPhase;
			buildActionMask = 2147483647;
			files = (
			);
			runOnlyForDeploymentPostprocessing = 0;
		};
		EF0C204F1E09E63700E30A8B /* Frameworks */ = {
			isa = PBXFrameworksBuildPhase;
			buildActionMask = 2147483647;
			files = (
			);
			runOnlyForDeploymentPostprocessing = 0;
		};
/* End PBXFrameworksBuildPhase section */

/* Begin PBXGroup section */
		EF0C202A1E09E63700E30A8B = {
			isa = PBXGroup;
			children = (
				EF0C20781E09E78000E30A8B /* bridge.h */,
				EF0C20351E09E63700E30A8B /* Photo Search Example */,
				EF0C204A1E09E63700E30A8B /* Photo Search ExampleTests */,
				EF0C20551E09E63700E30A8B /* Photo Search ExampleUITests */,
				EF0C20341E09E63700E30A8B /* Products */,
				EF0C20641E09E6B300E30A8B /* AFNetworking */,
			);
			sourceTree = "<group>";
		};
		EF0C20341E09E63700E30A8B /* Products */ = {
			isa = PBXGroup;
			children = (
				EF0C20331E09E63700E30A8B /* Photo Search Example.app */,
				EF0C20471E09E63700E30A8B /* Photo Search ExampleTests.xctest */,
				EF0C20521E09E63700E30A8B /* Photo Search ExampleUITests.xctest */,
			);
			name = Products;
			sourceTree = "<group>";
		};
		EF0C20351E09E63700E30A8B /* Photo Search Example */ = {
			isa = PBXGroup;
			children = (
				EF0C20791E09EFF000E30A8B /* SwiftyJSON.swift */,
				EF0C20361E09E63700E30A8B /* AppDelegate.swift */,
				EF0C20381E09E63700E30A8B /* ViewController.swift */,
				EF0C203A1E09E63700E30A8B /* Main.storyboard */,
				EF0C203D1E09E63700E30A8B /* Assets.xcassets */,
				EF0C203F1E09E63700E30A8B /* LaunchScreen.storyboard */,
				EF0C20421E09E63700E30A8B /* Info.plist */,
			);
			path = "Photo Search Example";
			sourceTree = "<group>";
		};
		EF0C204A1E09E63700E30A8B /* Photo Search ExampleTests */ = {
			isa = PBXGroup;
			children = (
				EF0C204B1E09E63700E30A8B /* Photo_Search_ExampleTests.swift */,
				EF0C204D1E09E63700E30A8B /* Info.plist */,
			);
			path = "Photo Search ExampleTests";
			sourceTree = "<group>";
		};
		EF0C20551E09E63700E30A8B /* Photo Search ExampleUITests */ = {
			isa = PBXGroup;
			children = (
				EF0C20561E09E63700E30A8B /* Photo_Search_ExampleUITests.swift */,
				EF0C20581E09E63700E30A8B /* Info.plist */,
			);
			path = "Photo Search ExampleUITests";
			sourceTree = "<group>";
		};
		EF0C20641E09E6B300E30A8B /* AFNetworking */ = {
			isa = PBXGroup;
			children = (
				EF0C20651E09E6B300E30A8B /* AFHTTPSessionManager.h */,
				EF0C20661E09E6B300E30A8B /* AFHTTPSessionManager.m */,
				EF0C20671E09E6B300E30A8B /* AFNetworking.h */,
				EF0C20681E09E6B300E30A8B /* AFNetworkReachabilityManager.h */,
				EF0C20691E09E6B300E30A8B /* AFNetworkReachabilityManager.m */,
				EF0C206A1E09E6B300E30A8B /* AFSecurityPolicy.h */,
				EF0C206B1E09E6B300E30A8B /* AFSecurityPolicy.m */,
				EF0C206C1E09E6B300E30A8B /* AFURLRequestSerialization.h */,
				EF0C206D1E09E6B300E30A8B /* AFURLRequestSerialization.m */,
				EF0C206E1E09E6B300E30A8B /* AFURLResponseSerialization.h */,
				EF0C206F1E09E6B300E30A8B /* AFURLResponseSerialization.m */,
				EF0C20701E09E6B300E30A8B /* AFURLSessionManager.h */,
				EF0C20711E09E6B300E30A8B /* AFURLSessionManager.m */,
			);
			path = AFNetworking;
			sourceTree = "<group>";
		};
/* End PBXGroup section */

/* Begin PBXNativeTarget section */
		EF0C20321E09E63700E30A8B /* Photo Search Example */ = {
			isa = PBXNativeTarget;
			buildConfigurationList = EF0C205B1E09E63700E30A8B /* Build configuration list for PBXNativeTarget "Photo Search Example" */;
			buildPhases = (
				EF0C202F1E09E63700E30A8B /* Sources */,
				EF0C20301E09E63700E30A8B /* Frameworks */,
				EF0C20311E09E63700E30A8B /* Resources */,
			);
			buildRules = (
			);
			dependencies = (
			);
			name = "Photo Search Example";
			productName = "Photo Search Example";
			productReference = EF0C20331E09E63700E30A8B /* Photo Search Example.app */;
			productType = "com.apple.product-type.application";
		};
		EF0C20461E09E63700E30A8B /* Photo Search ExampleTests */ = {
			isa = PBXNativeTarget;
			buildConfigurationList = EF0C205E1E09E63700E30A8B /* Build configuration list for PBXNativeTarget "Photo Search ExampleTests" */;
			buildPhases = (
				EF0C20431E09E63700E30A8B /* Sources */,
				EF0C20441E09E63700E30A8B /* Frameworks */,
				EF0C20451E09E63700E30A8B /* Resources */,
			);
			buildRules = (
			);
			dependencies = (
				EF0C20491E09E63700E30A8B /* PBXTargetDependency */,
			);
			name = "Photo Search ExampleTests";
			productName = "Photo Search ExampleTests";
			productReference = EF0C20471E09E63700E30A8B /* Photo Search ExampleTests.xctest */;
			productType = "com.apple.product-type.bundle.unit-test";
		};
		EF0C20511E09E63700E30A8B /* Photo Search ExampleUITests */ = {
			isa = PBXNativeTarget;
			buildConfigurationList = EF0C20611E09E63700E30A8B /* Build configuration list for PBXNativeTarget "Photo Search ExampleUITests" */;
			buildPhases = (
				EF0C204E1E09E63700E30A8B /* Sources */,
				EF0C204F1E09E63700E30A8B /* Frameworks */,
				EF0C20501E09E63700E30A8B /* Resources */,
			);
			buildRules = (
			);
			dependencies = (
				EF0C20541E09E63700E30A8B /* PBXTargetDependency */,
			);
			name = "Photo Search ExampleUITests";
			productName = "Photo Search ExampleUITests";
			productReference = EF0C20521E09E63700E30A8B /* Photo Search ExampleUITests.xctest */;
			productType = "com.apple.product-type.bundle.ui-testing";
		};
/* End PBXNativeTarget section */

/* Begin PBXProject section */
		EF0C202B1E09E63700E30A8B /* Project object */ = {
			isa = PBXProject;
			attributes = {
				LastSwiftUpdateCheck = 0820;
				LastUpgradeCheck = 0820;
				ORGANIZATIONNAME = "Lisa Steele";
				TargetAttributes = {
					EF0C20321E09E63700E30A8B = {
						CreatedOnToolsVersion = 8.2.1;
						ProvisioningStyle = Automatic;
					};
					EF0C20461E09E63700E30A8B = {
						CreatedOnToolsVersion = 8.2.1;
						ProvisioningStyle = Automatic;
						TestTargetID = EF0C20321E09E63700E30A8B;
					};
					EF0C20511E09E63700E30A8B = {
						CreatedOnToolsVersion = 8.2.1;
						ProvisioningStyle = Automatic;
						TestTargetID = EF0C20321E09E63700E30A8B;
					};
				};
			};
			buildConfigurationList = EF0C202E1E09E63700E30A8B /* Build configuration list for PBXProject "Photo Search Example" */;
			compatibilityVersion = "Xcode 3.2";
			developmentRegion = English;
			hasScannedForEncodings = 0;
			knownRegions = (
				en,
				Base,
			);
			mainGroup = EF0C202A1E09E63700E30A8B;
			productRefGroup = EF0C20341E09E63700E30A8B /* Products */;
			projectDirPath = "";
			projectRoot = "";
			targets = (
				EF0C20321E09E63700E30A8B /* Photo Search Example */,
				EF0C20461E09E63700E30A8B /* Photo Search ExampleTests */,
				EF0C20511E09E63700E30A8B /* Photo Search ExampleUITests */,
			);
		};
/* End PBXProject section */

/* Begin PBXResourcesBuildPhase section */
		EF0C20311E09E63700E30A8B /* Resources */ = {
			isa = PBXResourcesBuildPhase;
			buildActionMask = 2147483647;
			files = (
				EF0C20411E09E63700E30A8B /* LaunchScreen.storyboard in Resources */,
				EF0C203E1E09E63700E30A8B /* Assets.xcassets in Resources */,
				EF0C203C1E09E63700E30A8B /* Main.storyboard in Resources */,
			);
			runOnlyForDeploymentPostprocessing = 0;
		};
		EF0C20451E09E63700E30A8B /* Resources */ = {
			isa = PBXResourcesBuildPhase;
			buildActionMask = 2147483647;
			files = (
			);
			runOnlyForDeploymentPostprocessing = 0;
		};
		EF0C20501E09E63700E30A8B /* Resources */ = {
			isa = PBXResourcesBuildPhase;
			buildActionMask = 2147483647;
			files = (
			);
			runOnlyForDeploymentPostprocessing = 0;
		};
/* End PBXResourcesBuildPhase section */

/* Begin PBXSourcesBuildPhase section */
		EF0C202F1E09E63700E30A8B /* Sources */ = {
			isa = PBXSourcesBuildPhase;
			buildActionMask = 2147483647;
			files = (
				EF0C20721E09E6B300E30A8B /* AFHTTPSessionManager.m in Sources */,
				EF0C20771E09E6B300E30A8B /* AFURLSessionManager.m in Sources */,
				EF0C20741E09E6B300E30A8B /* AFSecurityPolicy.m in Sources */,
				EF0C20391E09E63700E30A8B /* ViewController.swift in Sources */,
				EF0C20751E09E6B300E30A8B /* AFURLRequestSerialization.m in Sources */,
				EF0C20731E09E6B300E30A8B /* AFNetworkReachabilityManager.m in Sources */,
				EF0C207A1E09EFF000E30A8B /* SwiftyJSON.swift in Sources */,
				EF0C20761E09E6B300E30A8B /* AFURLResponseSerialization.m in Sources */,
				EF0C20371E09E63700E30A8B /* AppDelegate.swift in Sources */,
			);
			runOnlyForDeploymentPostprocessing = 0;
		};
		EF0C20431E09E63700E30A8B /* Sources */ = {
			isa = PBXSourcesBuildPhase;
			buildActionMask = 2147483647;
			files = (
				EF0C204C1E09E63700E30A8B /* Photo_Search_ExampleTests.swift in Sources */,
			);
			runOnlyForDeploymentPostprocessing = 0;
		};
		EF0C204E1E09E63700E30A8B /* Sources */ = {
			isa = PBXSourcesBuildPhase;
			buildActionMask = 2147483647;
			files = (
				EF0C20571E09E63700E30A8B /* Photo_Search_ExampleUITests.swift in Sources */,
			);
			runOnlyForDeploymentPostprocessing = 0;
		};
/* End PBXSourcesBuildPhase section */

/* Begin PBXTargetDependency section */
		EF0C20491E09E63700E30A8B /* PBXTargetDependency */ = {
			isa = PBXTargetDependency;
			target = EF0C20321E09E63700E30A8B /* Photo Search Example */;
			targetProxy = EF0C20481E09E63700E30A8B /* PBXContainerItemProxy */;
		};
		EF0C20541E09E63700E30A8B /* PBXTargetDependency */ = {
			isa = PBXTargetDependency;
			target = EF0C20321E09E63700E30A8B /* Photo Search Example */;
			targetProxy = EF0C20531E09E63700E30A8B /* PBXContainerItemProxy */;
		};
/* End PBXTargetDependency section */

/* Begin PBXVariantGroup section */
		EF0C203A1E09E63700E30A8B /* Main.storyboard */ = {
			isa = PBXVariantGroup;
			children = (
				EF0C203B1E09E63700E30A8B /* Base */,
			);
			name = Main.storyboard;
			sourceTree = "<group>";
		};
		EF0C203F1E09E63700E30A8B /* LaunchScreen.storyboard */ = {
			isa = PBXVariantGroup;
			children = (
				EF0C20401E09E63700E30A8B /* Base */,
			);
			name = LaunchScreen.storyboard;
			sourceTree = "<group>";
		};
/* End PBXVariantGroup section */

/* Begin XCBuildConfiguration section */
		EF0C20591E09E63700E30A8B /* Debug */ = {
			isa = XCBuildConfiguration;
			buildSettings = {
				ALWAYS_SEARCH_USER_PATHS = NO;
				CLANG_ANALYZER_NONNULL = YES;
				CLANG_CXX_LANGUAGE_STANDARD = "gnu++0x";
				CLANG_CXX_LIBRARY = "libc++";
				CLANG_ENABLE_MODULES = YES;
				CLANG_ENABLE_OBJC_ARC = YES;
				CLANG_WARN_BOOL_CONVERSION = YES;
				CLANG_WARN_CONSTANT_CONVERSION = YES;
				CLANG_WARN_DIRECT_OBJC_ISA_USAGE = YES_ERROR;
				CLANG_WARN_DOCUMENTATION_COMMENTS = YES;
				CLANG_WARN_EMPTY_BODY = YES;
				CLANG_WARN_ENUM_CONVERSION = YES;
				CLANG_WARN_INFINITE_RECURSION = YES;
				CLANG_WARN_INT_CONVERSION = YES;
				CLANG_WARN_OBJC_ROOT_CLASS = YES_ERROR;
				CLANG_WARN_SUSPICIOUS_MOVE = YES;
				CLANG_WARN_UNREACHABLE_CODE = YES;
				CLANG_WARN__DUPLICATE_METHOD_MATCH = YES;
				"CODE_SIGN_IDENTITY[sdk=iphoneos*]" = "iPhone Developer";
				COPY_PHASE_STRIP = NO;
				DEBUG_INFORMATION_FORMAT = dwarf;
				ENABLE_STRICT_OBJC_MSGSEND = YES;
				ENABLE_TESTABILITY = YES;
				GCC_C_LANGUAGE_STANDARD = gnu99;
				GCC_DYNAMIC_NO_PIC = NO;
				GCC_NO_COMMON_BLOCKS = YES;
				GCC_OPTIMIZATION_LEVEL = 0;
				GCC_PREPROCESSOR_DEFINITIONS = (
					"DEBUG=1",
					"$(inherited)",
				);
				GCC_WARN_64_TO_32_BIT_CONVERSION = YES;
				GCC_WARN_ABOUT_RETURN_TYPE = YES_ERROR;
				GCC_WARN_UNDECLARED_SELECTOR = YES;
				GCC_WARN_UNINITIALIZED_AUTOS = YES_AGGRESSIVE;
				GCC_WARN_UNUSED_FUNCTION = YES;
				GCC_WARN_UNUSED_VARIABLE = YES;
				IPHONEOS_DEPLOYMENT_TARGET = 10.2;
				MTL_ENABLE_DEBUG_INFO = YES;
				ONLY_ACTIVE_ARCH = YES;
				SDKROOT = iphoneos;
				SWIFT_ACTIVE_COMPILATION_CONDITIONS = DEBUG;
				SWIFT_OPTIMIZATION_LEVEL = "-Onone";
				TARGETED_DEVICE_FAMILY = "1,2";
			};
			name = Debug;
		};
		EF0C205A1E09E63700E30A8B /* Release */ = {
			isa = XCBuildConfiguration;
			buildSettings = {
				ALWAYS_SEARCH_USER_PATHS = NO;
				CLANG_ANALYZER_NONNULL = YES;
				CLANG_CXX_LANGUAGE_STANDARD = "gnu++0x";
				CLANG_CXX_LIBRARY = "libc++";
				CLANG_ENABLE_MODULES = YES;
				CLANG_ENABLE_OBJC_ARC = YES;
				CLANG_WARN_BOOL_CONVERSION = YES;
				CLANG_WARN_CONSTANT_CONVERSION = YES;
				CLANG_WARN_DIRECT_OBJC_ISA_USAGE = YES_ERROR;
				CLANG_WARN_DOCUMENTATION_COMMENTS = YES;
				CLANG_WARN_EMPTY_BODY = YES;
				CLANG_WARN_ENUM_CONVERSION = YES;
				CLANG_WARN_INFINITE_RECURSION = YES;
				CLANG_WARN_INT_CONVERSION = YES;
				CLANG_WARN_OBJC_ROOT_CLASS = YES_ERROR;
				CLANG_WARN_SUSPICIOUS_MOVE = YES;
				CLANG_WARN_UNREACHABLE_CODE = YES;
				CLANG_WARN__DUPLICATE_METHOD_MATCH = YES;
				"CODE_SIGN_IDENTITY[sdk=iphoneos*]" = "iPhone Developer";
				COPY_PHASE_STRIP = NO;
				DEBUG_INFORMATION_FORMAT = "dwarf-with-dsym";
				ENABLE_NS_ASSERTIONS = NO;
				ENABLE_STRICT_OBJC_MSGSEND = YES;
				GCC_C_LANGUAGE_STANDARD = gnu99;
				GCC_NO_COMMON_BLOCKS = YES;
				GCC_WARN_64_TO_32_BIT_CONVERSION = YES;
				GCC_WARN_ABOUT_RETURN_TYPE = YES_ERROR;
				GCC_WARN_UNDECLARED_SELECTOR = YES;
				GCC_WARN_UNINITIALIZED_AUTOS = YES_AGGRESSIVE;
				GCC_WARN_UNUSED_FUNCTION = YES;
				GCC_WARN_UNUSED_VARIABLE = YES;
				IPHONEOS_DEPLOYMENT_TARGET = 10.2;
				MTL_ENABLE_DEBUG_INFO = NO;
				SDKROOT = iphoneos;
				SWIFT_OPTIMIZATION_LEVEL = "-Owholemodule";
				TARGETED_DEVICE_FAMILY = "1,2";
				VALIDATE_PRODUCT = YES;
			};
			name = Release;
		};
		EF0C205C1E09E63700E30A8B /* Debug */ = {
			isa = XCBuildConfiguration;
			buildSettings = {
				ASSETCATALOG_COMPILER_APPICON_NAME = AppIcon;
				DEFINES_MODULE = YES;
				INFOPLIST_FILE = "Photo Search Example/Info.plist";
				LD_RUNPATH_SEARCH_PATHS = "$(inherited) @executable_path/Frameworks";
				PRODUCT_BUNDLE_IDENTIFIER = "com.LisaSteele.Photo-Search-Example";
				PRODUCT_NAME = "$(TARGET_NAME)";
				SWIFT_OBJC_BRIDGING_HEADER = bridge.h;
				SWIFT_VERSION = 3.0;
			};
			name = Debug;
		};
		EF0C205D1E09E63700E30A8B /* Release */ = {
			isa = XCBuildConfiguration;
			buildSettings = {
				ASSETCATALOG_COMPILER_APPICON_NAME = AppIcon;
				DEFINES_MODULE = YES;
				INFOPLIST_FILE = "Photo Search Example/Info.plist";
				LD_RUNPATH_SEARCH_PATHS = "$(inherited) @executable_path/Frameworks";
				PRODUCT_BUNDLE_IDENTIFIER = "com.LisaSteele.Photo-Search-Example";
				PRODUCT_NAME = "$(TARGET_NAME)";
				SWIFT_OBJC_BRIDGING_HEADER = bridge.h;
				SWIFT_VERSION = 3.0;
			};
			name = Release;
		};
		EF0C205F1E09E63700E30A8B /* Debug */ = {
			isa = XCBuildConfiguration;
			buildSettings = {
				ALWAYS_EMBED_SWIFT_STANDARD_LIBRARIES = YES;
				BUNDLE_LOADER = "$(TEST_HOST)";
				INFOPLIST_FILE = "Photo Search ExampleTests/Info.plist";
				LD_RUNPATH_SEARCH_PATHS = "$(inherited) @executable_path/Frameworks @loader_path/Frameworks";
				PRODUCT_BUNDLE_IDENTIFIER = "com.LisaSteele.Photo-Search-ExampleTests";
				PRODUCT_NAME = "$(TARGET_NAME)";
				SWIFT_VERSION = 3.0;
				TEST_HOST = "$(BUILT_PRODUCTS_DIR)/Photo Search Example.app/Photo Search Example";
			};
			name = Debug;
		};
		EF0C20601E09E63700E30A8B /* Release */ = {
			isa = XCBuildConfiguration;
			buildSettings = {
				ALWAYS_EMBED_SWIFT_STANDARD_LIBRARIES = YES;
				BUNDLE_LOADER = "$(TEST_HOST)";
				INFOPLIST_FILE = "Photo Search ExampleTests/Info.plist";
				LD_RUNPATH_SEARCH_PATHS = "$(inherited) @executable_path/Frameworks @loader_path/Frameworks";
				PRODUCT_BUNDLE_IDENTIFIER = "com.LisaSteele.Photo-Search-ExampleTests";
				PRODUCT_NAME = "$(TARGET_NAME)";
				SWIFT_VERSION = 3.0;
				TEST_HOST = "$(BUILT_PRODUCTS_DIR)/Photo Search Example.app/Photo Search Example";
			};
			name = Release;
		};
		EF0C20621E09E63700E30A8B /* Debug */ = {
			isa = XCBuildConfiguration;
			buildSettings = {
				ALWAYS_EMBED_SWIFT_STANDARD_LIBRARIES = YES;
				INFOPLIST_FILE = "Photo Search ExampleUITests/Info.plist";
				LD_RUNPATH_SEARCH_PATHS = "$(inherited) @executable_path/Frameworks @loader_path/Frameworks";
				PRODUCT_BUNDLE_IDENTIFIER = "com.LisaSteele.Photo-Search-ExampleUITests";
				PRODUCT_NAME = "$(TARGET_NAME)";
				SWIFT_VERSION = 3.0;
				TEST_TARGET_NAME = "Photo Search Example";
			};
			name = Debug;
		};
		EF0C20631E09E63700E30A8B /* Release */ = {
			isa = XCBuildConfiguration;
			buildSettings = {
				ALWAYS_EMBED_SWIFT_STANDARD_LIBRARIES = YES;
				INFOPLIST_FILE = "Photo Search ExampleUITests/Info.plist";
				LD_RUNPATH_SEARCH_PATHS = "$(inherited) @executable_path/Frameworks @loader_path/Frameworks";
				PRODUCT_BUNDLE_IDENTIFIER = "com.LisaSteele.Photo-Search-ExampleUITests";
				PRODUCT_NAME = "$(TARGET_NAME)";
				SWIFT_VERSION = 3.0;
				TEST_TARGET_NAME = "Photo Search Example";
			};
			name = Release;
		};
/* End XCBuildConfiguration section */

/* Begin XCConfigurationList section */
		EF0C202E1E09E63700E30A8B /* Build configuration list for PBXProject "Photo Search Example" */ = {
			isa = XCConfigurationList;
			buildConfigurations = (
				EF0C20591E09E63700E30A8B /* Debug */,
				EF0C205A1E09E63700E30A8B /* Release */,
			);
			defaultConfigurationIsVisible = 0;
			defaultConfigurationName = Release;
		};
		EF0C205B1E09E63700E30A8B /* Build configuration list for PBXNativeTarget "Photo Search Example" */ = {
			isa = XCConfigurationList;
			buildConfigurations = (
				EF0C205C1E09E63700E30A8B /* Debug */,
				EF0C205D1E09E63700E30A8B /* Release */,
			);
			defaultConfigurationIsVisible = 0;
		};
		EF0C205E1E09E63700E30A8B /* Build configuration list for PBXNativeTarget "Photo Search ExampleTests" */ = {
			isa = XCConfigurationList;
			buildConfigurations = (
				EF0C205F1E09E63700E30A8B /* Debug */,
				EF0C20601E09E63700E30A8B /* Release */,
			);
			defaultConfigurationIsVisible = 0;
		};
		EF0C20611E09E63700E30A8B /* Build configuration list for PBXNativeTarget "Photo Search ExampleUITests" */ = {
			isa = XCConfigurationList;
			buildConfigurations = (
				EF0C20621E09E63700E30A8B /* Debug */,
				EF0C20631E09E63700E30A8B /* Release */,
			);
			defaultConfigurationIsVisible = 0;
		};
/* End XCConfigurationList section */
	};
	rootObject = EF0C202B1E09E63700E30A8B /* Project object */;
}
